# THIS IS AN AUTOGENERATED FILE. DO NOT EDIT THIS FILE DIRECTLY.
# yarn lockfile v1


"@rolemodel/optics@^2.4.0":
  version "2.4.0"
  resolved "https://registry.yarnpkg.com/@rolemodel/optics/-/optics-2.4.0.tgz#43831276c62f5193e84087dacbafa76cf5a5191b"
  integrity sha512-BcYynfjyJTVm9KdTMP3iVgRJI/FEUTS+kt4N51W6ZewaK/NcUaIe4wNxPIY35uttKPPJAQFkDb4HSjd1pvuBLw==
  dependencies:
    modern-css-reset "^1.4.0"

fsevents@2.3.2:
  version "2.3.2"
  resolved "https://registry.yarnpkg.com/fsevents/-/fsevents-2.3.2.tgz#8a526f78b8fdf4623b709e0b975c52c24c02fd1a"
  integrity sha512-xiqMQR4xAeHTuB9uWm+fFRcIOgKBMiOBP+eXiyT7jsgVCq1bkVygt00oASowB7EdtpOHaaPgKt812P9ab+DDKA==

modern-css-reset@^1.4.0:
  version "1.4.0"
  resolved "https://registry.yarnpkg.com/modern-css-reset/-/modern-css-reset-1.4.0.tgz#5bee4d11eeca2ff19b882c6e8f1769773e792d04"
  integrity sha512-0crZmSFmrxkI7159rvQWjpDhy0u4+Awg/iOycJdlVn0RSeft/a+6BrQHR3IqvmdK25sqt0o6Z5Ap7cWgUee2rw==

playwright-core@1.61.1:
  version "1.61.1"
  resolved "https://registry.yarnpkg.com/playwright-core/-/playwright-core-1.61.1.tgz#3c99841307efbbabc9d724c41a88c914705d15fc"
  integrity sha512-h7Qlt6m4REp25qvIdvbDtVmD4LqVXfpRxhORv9L0jzETM05p4fuPJ3dKyuSXQxDSbXnmS79HAgi9589lGSpLkg==

playwright@^1.61.1:
  version "1.61.1"
  resolved "https://registry.yarnpkg.com/playwright/-/playwright-1.61.1.tgz#d8c0c06eb93c28981afc747bace453bdbd5018bc"
  integrity sha512-DWnY5o3YbLWK4GovuAVwpqL+1VwGNdUGrRr++8j8PtQQzvAVZUIMjKQ90fY689sEJZJBbZVw1rXaOKSTitkzPQ==
  dependencies:
    playwright-core "1.61.1"
  optionalDependencies:
    fsevents "2.3.2"
